// !$*UTF8*$!
{
	archiveVersion = 1;
	classes = {
	};
	objectVersion = 50;
	objects = {

/* Begin PBXBuildFile section */
		2C03A3DD2652957C00A71F1D /* ItemMonsterTableViewCell.swift in Sources */ = {isa = PBXBuildFile; fileRef = 2C03A3DB2652957C00A71F1D /* ItemMonsterTableViewCell.swift */; };
		2C03A3DE2652957C00A71F1D /* ItemMonsterTableViewCell.xib in Resources */ = {isa = PBXBuildFile; fileRef = 2C03A3DC2652957C00A71F1D /* ItemMonsterTableViewCell.xib */; };
		2C03A3EA26529E5700A71F1D /* ListOfMonstersTableViewController.swift in Sources */ = {isa = PBXBuildFile; fileRef = 2C03A3E926529E5700A71F1D /* ListOfMonstersTableViewController.swift */; };
		2C03A3ED26529EA300A71F1D /* ListOfMonsters.storyboard in Resources */ = {isa = PBXBuildFile; fileRef = 2C03A3EC26529EA300A71F1D /* ListOfMonsters.storyboard */; };
		2C386BBF264E0C690082F4B7 /* SeederStaticDataStore.swift in Sources */ = {isa = PBXBuildFile; fileRef = 2C386BBE264E0C690082F4B7 /* SeederStaticDataStore.swift */; };
		2C386BC2264E1C480082F4B7 /* MonsterDetail.storyboard in Resources */ = {isa = PBXBuildFile; fileRef = 2C386BC1264E1C480082F4B7 /* MonsterDetail.storyboard */; };
		2C386BC5264E1C6C0082F4B7 /* MonsterDetailViewController.swift in Sources */ = {isa = PBXBuildFile; fileRef = 2C386BC4264E1C6C0082F4B7 /* MonsterDetailViewController.swift */; };
		2C67DCAB2652D74A00EA1B98 /* SF-Compact-Rounded-Bold.otf in Resources */ = {isa = PBXBuildFile; fileRef = 2C67DCAA2652D74A00EA1B98 /* SF-Compact-Rounded-Bold.otf */; };
		2C6A2E42264D658D00D4FAA6 /* DeleteButton.swift in Sources */ = {isa = PBXBuildFile; fileRef = 2C6A2E41264D658D00D4FAA6 /* DeleteButton.swift */; };
		2C75B74726556A1C00D5BC75 /* MonsterImageTableViewCell.swift in Sources */ = {isa = PBXBuildFile; fileRef = 2C75B74526556A1C00D5BC75 /* MonsterImageTableViewCell.swift */; };
		2C75B74826556A1C00D5BC75 /* MonsterImageTableViewCell.xib in Resources */ = {isa = PBXBuildFile; fileRef = 2C75B74626556A1C00D5BC75 /* MonsterImageTableViewCell.xib */; };
		2C75B74D2655712E00D5BC75 /* TextFieldTableViewCell.swift in Sources */ = {isa = PBXBuildFile; fileRef = 2C75B74B2655712E00D5BC75 /* TextFieldTableViewCell.swift */; };
		2C75B74E2655712E00D5BC75 /* TextFieldTableViewCell.xib in Resources */ = {isa = PBXBuildFile; fileRef = 2C75B74C2655712E00D5BC75 /* TextFieldTableViewCell.xib */; };
		2C75B752265576EE00D5BC75 /* TextViewTableViewCell.swift in Sources */ = {isa = PBXBuildFile; fileRef = 2C75B750265576EE00D5BC75 /* TextViewTableViewCell.swift */; };
		2C75B753265576EE00D5BC75 /* TextViewTableViewCell.xib in Resources */ = {isa = PBXBuildFile; fileRef = 2C75B751265576EE00D5BC75 /* TextViewTableViewCell.xib */; };
		2C75FA30264B99C40074C779 /* CategoryCollectionViewCell.swift in Sources */ = {isa = PBXBuildFile; fileRef = 2C75FA2E264B99C40074C779 /* CategoryCollectionViewCell.swift */; };
		2C75FA31264B99C40074C779 /* CategoryCollectionViewCell.xib in Resources */ = {isa = PBXBuildFile; fileRef = 2C75FA2F264B99C40074C779 /* CategoryCollectionViewCell.xib */; };
		2C75FA41264C3D150074C779 /* Monster.swift in Sources */ = {isa = PBXBuildFile; fileRef = 2C75FA40264C3D140074C779 /* Monster.swift */; };
		2CC5FC6A2649A94500E4DE59 /* CategoryTableViewCell.swift in Sources */ = {isa = PBXBuildFile; fileRef = 2CC5FC682649A94500E4DE59 /* CategoryTableViewCell.swift */; };
		2CC5FC6B2649A94500E4DE59 /* CategoryTableViewCell.xib in Resources */ = {isa = PBXBuildFile; fileRef = 2CC5FC692649A94500E4DE59 /* CategoryTableViewCell.xib */; };
		2CF96CA426499A88005A7B9F /* AppDelegate.swift in Sources */ = {isa = PBXBuildFile; fileRef = 2CF96CA326499A88005A7B9F /* AppDelegate.swift */; };
		2CF96CA626499A88005A7B9F /* SceneDelegate.swift in Sources */ = {isa = PBXBuildFile; fileRef = 2CF96CA526499A88005A7B9F /* SceneDelegate.swift */; };
		2CF96CAB26499A88005A7B9F /* Dashboard.storyboard in Resources */ = {isa = PBXBuildFile; fileRef = 2CF96CA926499A88005A7B9F /* Dashboard.storyboard */; };
		2CF96CAD26499A88005A7B9F /* Assets.xcassets in Resources */ = {isa = PBXBuildFile; fileRef = 2CF96CAC26499A88005A7B9F /* Assets.xcassets */; };
		2CF96CB026499A88005A7B9F /* LaunchScreen.storyboard in Resources */ = {isa = PBXBuildFile; fileRef = 2CF96CAE26499A88005A7B9F /* LaunchScreen.storyboard */; };
		55240DE92653884C004F7C30 /* SeederCoreDataStore.swift in Sources */ = {isa = PBXBuildFile; fileRef = 55240DE82653884C004F7C30 /* SeederCoreDataStore.swift */; };
		55240DEB2653885F004F7C30 /* SeederNetworkDataStore.swift in Sources */ = {isa = PBXBuildFile; fileRef = 55240DEA2653885F004F7C30 /* SeederNetworkDataStore.swift */; };
		55240DEE265388EA004F7C30 /* MonsterRepository.swift in Sources */ = {isa = PBXBuildFile; fileRef = 55240DED265388EA004F7C30 /* MonsterRepository.swift */; };
		55240DF326539497004F7C30 /* DashboardViewController.swift in Sources */ = {isa = PBXBuildFile; fileRef = 55240DF226539497004F7C30 /* DashboardViewController.swift */; };
		55240DFA26539E65004F7C30 /* UINib+Loader.swift in Sources */ = {isa = PBXBuildFile; fileRef = 55240DF926539E65004F7C30 /* UINib+Loader.swift */; };
		55240DFD26539E9D004F7C30 /* NetworkManager.swift in Sources */ = {isa = PBXBuildFile; fileRef = 55240DFC26539E9D004F7C30 /* NetworkManager.swift */; };
		55240DFF2653A02B004F7C30 /* DashboardViewController+DataSource+TableViewDelegate.swift in Sources */ = {isa = PBXBuildFile; fileRef = 55240DFE2653A02B004F7C30 /* DashboardViewController+DataSource+TableViewDelegate.swift */; };
		55240E012653A33C004F7C30 /* DashboardViewController+CellDelegate.swift in Sources */ = {isa = PBXBuildFile; fileRef = 55240E002653A33C004F7C30 /* DashboardViewController+CellDelegate.swift */; };
		55240E032653E1F8004F7C30 /* CategoryTableViewCell+CollectionViewDelegate.swift in Sources */ = {isa = PBXBuildFile; fileRef = 55240E022653E1F8004F7C30 /* CategoryTableViewCell+CollectionViewDelegate.swift */; };
		554C2C272656274400714E2E /* DashboardView.swift in Sources */ = {isa = PBXBuildFile; fileRef = 554C2C262656274400714E2E /* DashboardView.swift */; };
		554C2C2926562A8800714E2E /* DashboardViewDelegate.swift in Sources */ = {isa = PBXBuildFile; fileRef = 554C2C2826562A8800714E2E /* DashboardViewDelegate.swift */; };
		554C2C2B26562B8800714E2E /* DashboardViewController+Delegate.swift in Sources */ = {isa = PBXBuildFile; fileRef = 554C2C2A26562B8800714E2E /* DashboardViewController+Delegate.swift */; };
		554C2C2E26562FCA00714E2E /* PickerViewTableViewCell.swift in Sources */ = {isa = PBXBuildFile; fileRef = 554C2C2D26562FCA00714E2E /* PickerViewTableViewCell.swift */; };
		554C2C3026563EA200714E2E /* MonsterDetailView.swift in Sources */ = {isa = PBXBuildFile; fileRef = 554C2C2F26563EA200714E2E /* MonsterDetailView.swift */; };
		554C2C3226563F1600714E2E /* MonsterDetailViewDelegate.swift in Sources */ = {isa = PBXBuildFile; fileRef = 554C2C3126563F1600714E2E /* MonsterDetailViewDelegate.swift */; };
		554C2C3426563FD600714E2E /* MonsterDetailViewController+TableViewDataSource+Delegate.swift in Sources */ = {isa = PBXBuildFile; fileRef = 554C2C3326563FD600714E2E /* MonsterDetailViewController+TableViewDataSource+Delegate.swift */; };
		554C2C362656AF0000714E2E /* MonsterDetailViewController+Delegate.swift in Sources */ = {isa = PBXBuildFile; fileRef = 554C2C352656AF0000714E2E /* MonsterDetailViewController+Delegate.swift */; };
		554C2C392656B34200714E2E /* MBColor.swift in Sources */ = {isa = PBXBuildFile; fileRef = 554C2C382656B34200714E2E /* MBColor.swift */; };
		559ECD9A2656D27D00C3E7DD /* MonsterImageTableViewCellDelegate.swift in Sources */ = {isa = PBXBuildFile; fileRef = 559ECD992656D27D00C3E7DD /* MonsterImageTableViewCellDelegate.swift */; };
		559ECD9C2656DB7900C3E7DD /* MonsterDetailViewControllerDelegate.swift in Sources */ = {isa = PBXBuildFile; fileRef = 559ECD9B2656DB7900C3E7DD /* MonsterDetailViewControllerDelegate.swift */; };
		55E3DC5C2655057D002D499B /* CategoryCollectionViewCellDelegate.swift in Sources */ = {isa = PBXBuildFile; fileRef = 55E3DC5B2655057D002D499B /* CategoryCollectionViewCellDelegate.swift */; };
/* End PBXBuildFile section */

/* Begin PBXFileReference section */
		2C03A3DB2652957C00A71F1D /* ItemMonsterTableViewCell.swift */ = {isa = PBXFileReference; lastKnownFileType = sourcecode.swift; path = ItemMonsterTableViewCell.swift; sourceTree = "<group>"; };
		2C03A3DC2652957C00A71F1D /* ItemMonsterTableViewCell.xib */ = {isa = PBXFileReference; lastKnownFileType = file.xib; path = ItemMonsterTableViewCell.xib; sourceTree = "<group>"; };
		2C03A3E926529E5700A71F1D /* ListOfMonstersTableViewController.swift */ = {isa = PBXFileReference; lastKnownFileType = sourcecode.swift; path = ListOfMonstersTableViewController.swift; sourceTree = "<group>"; };
		2C03A3EC26529EA300A71F1D /* ListOfMonsters.storyboard */ = {isa = PBXFileReference; lastKnownFileType = file.storyboard; path = ListOfMonsters.storyboard; sourceTree = "<group>"; };
		2C386BBE264E0C690082F4B7 /* SeederStaticDataStore.swift */ = {isa = PBXFileReference; lastKnownFileType = sourcecode.swift; path = SeederStaticDataStore.swift; sourceTree = "<group>"; };
		2C386BC1264E1C480082F4B7 /* MonsterDetail.storyboard */ = {isa = PBXFileReference; lastKnownFileType = file.storyboard; path = MonsterDetail.storyboard; sourceTree = "<group>"; };
		2C386BC4264E1C6C0082F4B7 /* MonsterDetailViewController.swift */ = {isa = PBXFileReference; lastKnownFileType = sourcecode.swift; path = MonsterDetailViewController.swift; sourceTree = "<group>"; };
		2C67DCAA2652D74A00EA1B98 /* SF-Compact-Rounded-Bold.otf */ = {isa = PBXFileReference; lastKnownFileType = file; path = "SF-Compact-Rounded-Bold.otf"; sourceTree = "<group>"; };
		2C6A2E41264D658D00D4FAA6 /* DeleteButton.swift */ = {isa = PBXFileReference; lastKnownFileType = sourcecode.swift; path = DeleteButton.swift; sourceTree = "<group>"; };
		2C75B74526556A1C00D5BC75 /* MonsterImageTableViewCell.swift */ = {isa = PBXFileReference; lastKnownFileType = sourcecode.swift; path = MonsterImageTableViewCell.swift; sourceTree = "<group>"; };
		2C75B74626556A1C00D5BC75 /* MonsterImageTableViewCell.xib */ = {isa = PBXFileReference; lastKnownFileType = file.xib; path = MonsterImageTableViewCell.xib; sourceTree = "<group>"; };
		2C75B74B2655712E00D5BC75 /* TextFieldTableViewCell.swift */ = {isa = PBXFileReference; lastKnownFileType = sourcecode.swift; path = TextFieldTableViewCell.swift; sourceTree = "<group>"; };
		2C75B74C2655712E00D5BC75 /* TextFieldTableViewCell.xib */ = {isa = PBXFileReference; lastKnownFileType = file.xib; path = TextFieldTableViewCell.xib; sourceTree = "<group>"; };
		2C75B750265576EE00D5BC75 /* TextViewTableViewCell.swift */ = {isa = PBXFileReference; lastKnownFileType = sourcecode.swift; path = TextViewTableViewCell.swift; sourceTree = "<group>"; };
		2C75B751265576EE00D5BC75 /* TextViewTableViewCell.xib */ = {isa = PBXFileReference; lastKnownFileType = file.xib; path = TextViewTableViewCell.xib; sourceTree = "<group>"; };
		2C75FA2E264B99C40074C779 /* CategoryCollectionViewCell.swift */ = {isa = PBXFileReference; lastKnownFileType = sourcecode.swift; path = CategoryCollectionViewCell.swift; sourceTree = "<group>"; };
		2C75FA2F264B99C40074C779 /* CategoryCollectionViewCell.xib */ = {isa = PBXFileReference; lastKnownFileType = file.xib; path = CategoryCollectionViewCell.xib; sourceTree = "<group>"; };
		2C75FA40264C3D140074C779 /* Monster.swift */ = {isa = PBXFileReference; lastKnownFileType = sourcecode.swift; path = Monster.swift; sourceTree = "<group>"; };
		2CC5FC682649A94500E4DE59 /* CategoryTableViewCell.swift */ = {isa = PBXFileReference; lastKnownFileType = sourcecode.swift; path = CategoryTableViewCell.swift; sourceTree = "<group>"; };
		2CC5FC692649A94500E4DE59 /* CategoryTableViewCell.xib */ = {isa = PBXFileReference; lastKnownFileType = file.xib; path = CategoryTableViewCell.xib; sourceTree = "<group>"; };
		2CF96CA026499A88005A7B9F /* MonsterBook.app */ = {isa = PBXFileReference; explicitFileType = wrapper.application; includeInIndex = 0; path = MonsterBook.app; sourceTree = BUILT_PRODUCTS_DIR; };
		2CF96CA326499A88005A7B9F /* AppDelegate.swift */ = {isa = PBXFileReference; lastKnownFileType = sourcecode.swift; path = AppDelegate.swift; sourceTree = "<group>"; };
		2CF96CA526499A88005A7B9F /* SceneDelegate.swift */ = {isa = PBXFileReference; lastKnownFileType = sourcecode.swift; path = SceneDelegate.swift; sourceTree = "<group>"; };
		2CF96CAA26499A88005A7B9F /* Base */ = {isa = PBXFileReference; lastKnownFileType = file.storyboard; name = Base; path = Base.lproj/Dashboard.storyboard; sourceTree = "<group>"; };
		2CF96CAC26499A88005A7B9F /* Assets.xcassets */ = {isa = PBXFileReference; lastKnownFileType = folder.assetcatalog; path = Assets.xcassets; sourceTree = "<group>"; };
		2CF96CAF26499A88005A7B9F /* Base */ = {isa = PBXFileReference; lastKnownFileType = file.storyboard; name = Base; path = Base.lproj/LaunchScreen.storyboard; sourceTree = "<group>"; };
		2CF96CB126499A88005A7B9F /* Info.plist */ = {isa = PBXFileReference; lastKnownFileType = text.plist.xml; path = Info.plist; sourceTree = "<group>"; };
		55240DE82653884C004F7C30 /* SeederCoreDataStore.swift */ = {isa = PBXFileReference; lastKnownFileType = sourcecode.swift; path = SeederCoreDataStore.swift; sourceTree = "<group>"; };
		55240DEA2653885F004F7C30 /* SeederNetworkDataStore.swift */ = {isa = PBXFileReference; lastKnownFileType = sourcecode.swift; path = SeederNetworkDataStore.swift; sourceTree = "<group>"; };
		55240DED265388EA004F7C30 /* MonsterRepository.swift */ = {isa = PBXFileReference; lastKnownFileType = sourcecode.swift; path = MonsterRepository.swift; sourceTree = "<group>"; };
		55240DF226539497004F7C30 /* DashboardViewController.swift */ = {isa = PBXFileReference; lastKnownFileType = sourcecode.swift; path = DashboardViewController.swift; sourceTree = "<group>"; };
		55240DF926539E65004F7C30 /* UINib+Loader.swift */ = {isa = PBXFileReference; lastKnownFileType = sourcecode.swift; path = "UINib+Loader.swift"; sourceTree = "<group>"; };
		55240DFC26539E9D004F7C30 /* NetworkManager.swift */ = {isa = PBXFileReference; lastKnownFileType = sourcecode.swift; path = NetworkManager.swift; sourceTree = "<group>"; };
		55240DFE2653A02B004F7C30 /* DashboardViewController+DataSource+TableViewDelegate.swift */ = {isa = PBXFileReference; lastKnownFileType = sourcecode.swift; path = "DashboardViewController+DataSource+TableViewDelegate.swift"; sourceTree = "<group>"; };
		55240E002653A33C004F7C30 /* DashboardViewController+CellDelegate.swift */ = {isa = PBXFileReference; lastKnownFileType = sourcecode.swift; path = "DashboardViewController+CellDelegate.swift"; sourceTree = "<group>"; };
		55240E022653E1F8004F7C30 /* CategoryTableViewCell+CollectionViewDelegate.swift */ = {isa = PBXFileReference; lastKnownFileType = sourcecode.swift; path = "CategoryTableViewCell+CollectionViewDelegate.swift"; sourceTree = "<group>"; };
		554C2C262656274400714E2E /* DashboardView.swift */ = {isa = PBXFileReference; lastKnownFileType = sourcecode.swift; path = DashboardView.swift; sourceTree = "<group>"; };
		554C2C2826562A8800714E2E /* DashboardViewDelegate.swift */ = {isa = PBXFileReference; lastKnownFileType = sourcecode.swift; path = DashboardViewDelegate.swift; sourceTree = "<group>"; };
		554C2C2A26562B8800714E2E /* DashboardViewController+Delegate.swift */ = {isa = PBXFileReference; lastKnownFileType = sourcecode.swift; path = "DashboardViewController+Delegate.swift"; sourceTree = "<group>"; };
		554C2C2D26562FCA00714E2E /* PickerViewTableViewCell.swift */ = {isa = PBXFileReference; lastKnownFileType = sourcecode.swift; path = PickerViewTableViewCell.swift; sourceTree = "<group>"; };
		554C2C2F26563EA200714E2E /* MonsterDetailView.swift */ = {isa = PBXFileReference; lastKnownFileType = sourcecode.swift; path = MonsterDetailView.swift; sourceTree = "<group>"; };
		554C2C3126563F1600714E2E /* MonsterDetailViewDelegate.swift */ = {isa = PBXFileReference; lastKnownFileType = sourcecode.swift; path = MonsterDetailViewDelegate.swift; sourceTree = "<group>"; };
		554C2C3326563FD600714E2E /* MonsterDetailViewController+TableViewDataSource+Delegate.swift */ = {isa = PBXFileReference; lastKnownFileType = sourcecode.swift; path = "MonsterDetailViewController+TableViewDataSource+Delegate.swift"; sourceTree = "<group>"; };
		554C2C352656AF0000714E2E /* MonsterDetailViewController+Delegate.swift */ = {isa = PBXFileReference; lastKnownFileType = sourcecode.swift; path = "MonsterDetailViewController+Delegate.swift"; sourceTree = "<group>"; };
		554C2C382656B34200714E2E /* MBColor.swift */ = {isa = PBXFileReference; lastKnownFileType = sourcecode.swift; path = MBColor.swift; sourceTree = "<group>"; };
		559ECD992656D27D00C3E7DD /* MonsterImageTableViewCellDelegate.swift */ = {isa = PBXFileReference; lastKnownFileType = sourcecode.swift; path = MonsterImageTableViewCellDelegate.swift; sourceTree = "<group>"; };
		559ECD9B2656DB7900C3E7DD /* MonsterDetailViewControllerDelegate.swift */ = {isa = PBXFileReference; lastKnownFileType = sourcecode.swift; path = MonsterDetailViewControllerDelegate.swift; sourceTree = "<group>"; };
		55E3DC5B2655057D002D499B /* CategoryCollectionViewCellDelegate.swift */ = {isa = PBXFileReference; lastKnownFileType = sourcecode.swift; path = CategoryCollectionViewCellDelegate.swift; sourceTree = "<group>"; };
/* End PBXFileReference section */

/* Begin PBXFrameworksBuildPhase section */
		2CF96C9D26499A88005A7B9F /* Frameworks */ = {
			isa = PBXFrameworksBuildPhase;
			buildActionMask = 2147483647;
			files = (
			);
			runOnlyForDeploymentPostprocessing = 0;
		};
/* End PBXFrameworksBuildPhase section */

/* Begin PBXGroup section */
		2C255A90264A2E3100CAA2E0 /* Category Cell */ = {
			isa = PBXGroup;
			children = (
				55E3DC5B2655057D002D499B /* CategoryCollectionViewCellDelegate.swift */,
				2C75FA2E264B99C40074C779 /* CategoryCollectionViewCell.swift */,
				2C75FA2F264B99C40074C779 /* CategoryCollectionViewCell.xib */,
			);
			path = "Category Cell";
			sourceTree = "<group>";
		};
		2C6A2E39264D651000D4FAA6 /* Themes */ = {
			isa = PBXGroup;
			children = (
				554C2C372656B31F00714E2E /* Colors */,
				2C6A2E3C264D654400D4FAA6 /* UI */,
				2C6A2E3E264D654F00D4FAA6 /* Fonts */,
			);
			path = Themes;
			sourceTree = "<group>";
		};
		2C6A2E3B264D651C00D4FAA6 /* Utilities */ = {
			isa = PBXGroup;
			children = (
				55240DFB26539E91004F7C30 /* Networking */,
				2C6A2E46264D663100D4FAA6 /* Core Data */,
			);
			path = Utilities;
			sourceTree = "<group>";
		};
		2C6A2E3C264D654400D4FAA6 /* UI */ = {
			isa = PBXGroup;
			children = (
				554C2C2C26562F4000714E2E /* PickerViewCell */,
				2C75B744265569A500D5BC75 /* TextViewCell */,
				2C75B7422655627A00D5BC75 /* TextFieldCell */,
				55E3DC542654F3A3002D499B /* ItemMonstersCell */,
				2C6A2E41264D658D00D4FAA6 /* DeleteButton.swift */,
			);
			path = UI;
			sourceTree = "<group>";
		};
		2C6A2E3E264D654F00D4FAA6 /* Fonts */ = {
			isa = PBXGroup;
			children = (
				2C67DCAA2652D74A00EA1B98 /* SF-Compact-Rounded-Bold.otf */,
			);
			path = Fonts;
			sourceTree = "<group>";
		};
		2C6A2E46264D663100D4FAA6 /* Core Data */ = {
			isa = PBXGroup;
			children = (
				2C75FA3F264C3C750074C779 /* Model */,
			);
			path = "Core Data";
			sourceTree = "<group>";
		};
		2C75B73F2655610000D5BC75 /* View */ = {
			isa = PBXGroup;
			children = (
				2C75B7412655616600D5BC75 /* MonsterImageCell */,
				2C386BC1264E1C480082F4B7 /* MonsterDetail.storyboard */,
				554C2C2F26563EA200714E2E /* MonsterDetailView.swift */,
				554C2C3126563F1600714E2E /* MonsterDetailViewDelegate.swift */,
			);
			path = View;
			sourceTree = "<group>";
		};
		2C75B7402655610500D5BC75 /* Controller */ = {
			isa = PBXGroup;
			children = (
				2C386BC4264E1C6C0082F4B7 /* MonsterDetailViewController.swift */,
				554C2C3326563FD600714E2E /* MonsterDetailViewController+TableViewDataSource+Delegate.swift */,
				554C2C352656AF0000714E2E /* MonsterDetailViewController+Delegate.swift */,
				559ECD9B2656DB7900C3E7DD /* MonsterDetailViewControllerDelegate.swift */,
			);
			path = Controller;
			sourceTree = "<group>";
		};
		2C75B7412655616600D5BC75 /* MonsterImageCell */ = {
			isa = PBXGroup;
			children = (
				2C75B74526556A1C00D5BC75 /* MonsterImageTableViewCell.swift */,
				559ECD992656D27D00C3E7DD /* MonsterImageTableViewCellDelegate.swift */,
				2C75B74626556A1C00D5BC75 /* MonsterImageTableViewCell.xib */,
			);
			path = MonsterImageCell;
			sourceTree = "<group>";
		};
		2C75B7422655627A00D5BC75 /* TextFieldCell */ = {
			isa = PBXGroup;
			children = (
				2C75B74B2655712E00D5BC75 /* TextFieldTableViewCell.swift */,
				2C75B74C2655712E00D5BC75 /* TextFieldTableViewCell.xib */,
			);
			path = TextFieldCell;
			sourceTree = "<group>";
		};
		2C75B744265569A500D5BC75 /* TextViewCell */ = {
			isa = PBXGroup;
			children = (
				2C75B750265576EE00D5BC75 /* TextViewTableViewCell.swift */,
				2C75B751265576EE00D5BC75 /* TextViewTableViewCell.xib */,
			);
			path = TextViewCell;
			sourceTree = "<group>";
		};
		2C75FA3C264C37390074C779 /* ListOfMonster */ = {
			isa = PBXGroup;
			children = (
				55E3DC592655053F002D499B /* Controller */,
				55E3DC5A26550548002D499B /* View */,
			);
			path = ListOfMonster;
			sourceTree = "<group>";
		};
		2C75FA3F264C3C750074C779 /* Model */ = {
			isa = PBXGroup;
			children = (
				2C75FA40264C3D140074C779 /* Monster.swift */,
			);
			path = Model;
			sourceTree = "<group>";
		};
		2C75FA57264C41EC0074C779 /* MonsterDetails */ = {
			isa = PBXGroup;
			children = (
				2C75B7402655610500D5BC75 /* Controller */,
				2C75B73F2655610000D5BC75 /* View */,
			);
			path = MonsterDetails;
			sourceTree = "<group>";
		};
		2CC5FC5F2649A2AC00E4DE59 /* Category Collections */ = {
			isa = PBXGroup;
			children = (
				2C255A90264A2E3100CAA2E0 /* Category Cell */,
				2CC5FC682649A94500E4DE59 /* CategoryTableViewCell.swift */,
				55240E022653E1F8004F7C30 /* CategoryTableViewCell+CollectionViewDelegate.swift */,
				2CC5FC692649A94500E4DE59 /* CategoryTableViewCell.xib */,
			);
			path = "Category Collections";
			sourceTree = "<group>";
		};
		2CF96C9726499A88005A7B9F = {
			isa = PBXGroup;
			children = (
				2CF96CA226499A88005A7B9F /* MonsterBook */,
				2CF96CA126499A88005A7B9F /* Products */,
			);
			sourceTree = "<group>";
		};
		2CF96CA126499A88005A7B9F /* Products */ = {
			isa = PBXGroup;
			children = (
				2CF96CA026499A88005A7B9F /* MonsterBook.app */,
			);
			name = Products;
			sourceTree = "<group>";
		};
		2CF96CA226499A88005A7B9F /* MonsterBook */ = {
			isa = PBXGroup;
			children = (
				55240DE4265387A7004F7C30 /* Feature */,
				2C6A2E39264D651000D4FAA6 /* Themes */,
				55240DF826539E57004F7C30 /* Helper */,
				2C6A2E3B264D651C00D4FAA6 /* Utilities */,
				2CF96CA326499A88005A7B9F /* AppDelegate.swift */,
				2CF96CA526499A88005A7B9F /* SceneDelegate.swift */,
				2CF96CAC26499A88005A7B9F /* Assets.xcassets */,
				2CF96CAE26499A88005A7B9F /* LaunchScreen.storyboard */,
				2CF96CB126499A88005A7B9F /* Info.plist */,
			);
			path = MonsterBook;
			sourceTree = "<group>";
		};
		55240DE4265387A7004F7C30 /* Feature */ = {
			isa = PBXGroup;
			children = (
				55240DE5265387B1004F7C30 /* MonsterPresentation */,
			);
			path = Feature;
			sourceTree = "<group>";
		};
		55240DE5265387B1004F7C30 /* MonsterPresentation */ = {
			isa = PBXGroup;
			children = (
				55240DE7265387ED004F7C30 /* Model */,
				55240DE6265387E2004F7C30 /* Pages */,
			);
			path = MonsterPresentation;
			sourceTree = "<group>";
		};
		55240DE6265387E2004F7C30 /* Pages */ = {
			isa = PBXGroup;
			children = (
				55240DEF26538BC1004F7C30 /* Dashboard */,
				2C75FA3C264C37390074C779 /* ListOfMonster */,
				2C75FA57264C41EC0074C779 /* MonsterDetails */,
			);
			path = Pages;
			sourceTree = "<group>";
		};
		55240DE7265387ED004F7C30 /* Model */ = {
			isa = PBXGroup;
			children = (
				55240DEC265388B0004F7C30 /* DataStore */,
				55240DED265388EA004F7C30 /* MonsterRepository.swift */,
			);
			path = Model;
			sourceTree = "<group>";
		};
		55240DEC265388B0004F7C30 /* DataStore */ = {
			isa = PBXGroup;
			children = (
				2C386BBE264E0C690082F4B7 /* SeederStaticDataStore.swift */,
				55240DE82653884C004F7C30 /* SeederCoreDataStore.swift */,
				55240DEA2653885F004F7C30 /* SeederNetworkDataStore.swift */,
			);
			path = DataStore;
			sourceTree = "<group>";
		};
		55240DEF26538BC1004F7C30 /* Dashboard */ = {
			isa = PBXGroup;
			children = (
				55240DF126538BDC004F7C30 /* Controller */,
				55240DF026538BD8004F7C30 /* View */,
			);
			path = Dashboard;
			sourceTree = "<group>";
		};
		55240DF026538BD8004F7C30 /* View */ = {
			isa = PBXGroup;
			children = (
				2CF96CA926499A88005A7B9F /* Dashboard.storyboard */,
				554C2C262656274400714E2E /* DashboardView.swift */,
				554C2C2826562A8800714E2E /* DashboardViewDelegate.swift */,
				2CC5FC5F2649A2AC00E4DE59 /* Category Collections */,
			);
			path = View;
			sourceTree = "<group>";
		};
		55240DF126538BDC004F7C30 /* Controller */ = {
			isa = PBXGroup;
			children = (
				55240DF226539497004F7C30 /* DashboardViewController.swift */,
				55240DFE2653A02B004F7C30 /* DashboardViewController+DataSource+TableViewDelegate.swift */,
				55240E002653A33C004F7C30 /* DashboardViewController+CellDelegate.swift */,
				554C2C2A26562B8800714E2E /* DashboardViewController+Delegate.swift */,
			);
			path = Controller;
			sourceTree = "<group>";
		};
		55240DF826539E57004F7C30 /* Helper */ = {
			isa = PBXGroup;
			children = (
				55240DF926539E65004F7C30 /* UINib+Loader.swift */,
			);
			path = Helper;
			sourceTree = "<group>";
		};
		55240DFB26539E91004F7C30 /* Networking */ = {
			isa = PBXGroup;
			children = (
				55240DFC26539E9D004F7C30 /* NetworkManager.swift */,
			);
			path = Networking;
			sourceTree = "<group>";
		};
		554C2C2C26562F4000714E2E /* PickerViewCell */ = {
			isa = PBXGroup;
			children = (
				554C2C2D26562FCA00714E2E /* PickerViewTableViewCell.swift */,
			);
			path = PickerViewCell;
			sourceTree = "<group>";
		};
		554C2C372656B31F00714E2E /* Colors */ = {
			isa = PBXGroup;
			children = (
				554C2C382656B34200714E2E /* MBColor.swift */,
			);
			path = Colors;
			sourceTree = "<group>";
		};
		55E3DC542654F3A3002D499B /* ItemMonstersCell */ = {
			isa = PBXGroup;
			children = (
				2C03A3DB2652957C00A71F1D /* ItemMonsterTableViewCell.swift */,
				2C03A3DC2652957C00A71F1D /* ItemMonsterTableViewCell.xib */,
			);
			path = ItemMonstersCell;
			sourceTree = "<group>";
		};
		55E3DC592655053F002D499B /* Controller */ = {
			isa = PBXGroup;
			children = (
				2C03A3E926529E5700A71F1D /* ListOfMonstersTableViewController.swift */,
			);
			path = Controller;
			sourceTree = "<group>";
		};
		55E3DC5A26550548002D499B /* View */ = {
			isa = PBXGroup;
			children = (
				2C03A3EC26529EA300A71F1D /* ListOfMonsters.storyboard */,
			);
			path = View;
			sourceTree = "<group>";
		};
/* End PBXGroup section */

/* Begin PBXNativeTarget section */
		2CF96C9F26499A88005A7B9F /* MonsterBook */ = {
			isa = PBXNativeTarget;
			buildConfigurationList = 2CF96CB426499A88005A7B9F /* Build configuration list for PBXNativeTarget "MonsterBook" */;
			buildPhases = (
				2CF96C9C26499A88005A7B9F /* Sources */,
				2CF96C9D26499A88005A7B9F /* Frameworks */,
				2CF96C9E26499A88005A7B9F /* Resources */,
			);
			buildRules = (
			);
			dependencies = (
			);
			name = MonsterBook;
			productName = MonsterBook;
			productReference = 2CF96CA026499A88005A7B9F /* MonsterBook.app */;
			productType = "com.apple.product-type.application";
		};
/* End PBXNativeTarget section */

/* Begin PBXProject section */
		2CF96C9826499A88005A7B9F /* Project object */ = {
			isa = PBXProject;
			attributes = {
				LastSwiftUpdateCheck = 1240;
				LastUpgradeCheck = 1240;
				TargetAttributes = {
					2CF96C9F26499A88005A7B9F = {
						CreatedOnToolsVersion = 12.4;
					};
				};
			};
			buildConfigurationList = 2CF96C9B26499A88005A7B9F /* Build configuration list for PBXProject "MonsterBook" */;
			compatibilityVersion = "Xcode 9.3";
			developmentRegion = en;
			hasScannedForEncodings = 0;
			knownRegions = (
				en,
				Base,
			);
			mainGroup = 2CF96C9726499A88005A7B9F;
			productRefGroup = 2CF96CA126499A88005A7B9F /* Products */;
			projectDirPath = "";
			projectRoot = "";
			targets = (
				2CF96C9F26499A88005A7B9F /* MonsterBook */,
			);
		};
/* End PBXProject section */

/* Begin PBXResourcesBuildPhase section */
		2CF96C9E26499A88005A7B9F /* Resources */ = {
			isa = PBXResourcesBuildPhase;
			buildActionMask = 2147483647;
			files = (
				2C03A3DE2652957C00A71F1D /* ItemMonsterTableViewCell.xib in Resources */,
				2C75B753265576EE00D5BC75 /* TextViewTableViewCell.xib in Resources */,
				2C386BC2264E1C480082F4B7 /* MonsterDetail.storyboard in Resources */,
				2C67DCAB2652D74A00EA1B98 /* SF-Compact-Rounded-Bold.otf in Resources */,
				2C75B74E2655712E00D5BC75 /* TextFieldTableViewCell.xib in Resources */,
				2C75FA31264B99C40074C779 /* CategoryCollectionViewCell.xib in Resources */,
				2C03A3ED26529EA300A71F1D /* ListOfMonsters.storyboard in Resources */,
				2CF96CB026499A88005A7B9F /* LaunchScreen.storyboard in Resources */,
				2CF96CAD26499A88005A7B9F /* Assets.xcassets in Resources */,
				2CF96CAB26499A88005A7B9F /* Dashboard.storyboard in Resources */,
				2C75B74826556A1C00D5BC75 /* MonsterImageTableViewCell.xib in Resources */,
				2CC5FC6B2649A94500E4DE59 /* CategoryTableViewCell.xib in Resources */,
			);
			runOnlyForDeploymentPostprocessing = 0;
		};
/* End PBXResourcesBuildPhase section */

/* Begin PBXSourcesBuildPhase section */
		2CF96C9C26499A88005A7B9F /* Sources */ = {
			isa = PBXSourcesBuildPhase;
			buildActionMask = 2147483647;
			files = (
				55240DE92653884C004F7C30 /* SeederCoreDataStore.swift in Sources */,
				554C2C272656274400714E2E /* DashboardView.swift in Sources */,
				554C2C2B26562B8800714E2E /* DashboardViewController+Delegate.swift in Sources */,
				55240DFF2653A02B004F7C30 /* DashboardViewController+DataSource+TableViewDelegate.swift in Sources */,
				55240DFA26539E65004F7C30 /* UINib+Loader.swift in Sources */,
				2CF96CA426499A88005A7B9F /* AppDelegate.swift in Sources */,
				554C2C2E26562FCA00714E2E /* PickerViewTableViewCell.swift in Sources */,
				55240E012653A33C004F7C30 /* DashboardViewController+CellDelegate.swift in Sources */,
				2C75B74D2655712E00D5BC75 /* TextFieldTableViewCell.swift in Sources */,
				55240DF326539497004F7C30 /* DashboardViewController.swift in Sources */,
				2C75B752265576EE00D5BC75 /* TextViewTableViewCell.swift in Sources */,
				2C03A3DD2652957C00A71F1D /* ItemMonsterTableViewCell.swift in Sources */,
				554C2C3426563FD600714E2E /* MonsterDetailViewController+TableViewDataSource+Delegate.swift in Sources */,
				554C2C3226563F1600714E2E /* MonsterDetailViewDelegate.swift in Sources */,
				55240E032653E1F8004F7C30 /* CategoryTableViewCell+CollectionViewDelegate.swift in Sources */,
				55240DEE265388EA004F7C30 /* MonsterRepository.swift in Sources */,
				2C75FA41264C3D150074C779 /* Monster.swift in Sources */,
				2CF96CA626499A88005A7B9F /* SceneDelegate.swift in Sources */,
				55240DFD26539E9D004F7C30 /* NetworkManager.swift in Sources */,
				55E3DC5C2655057D002D499B /* CategoryCollectionViewCellDelegate.swift in Sources */,
				2C75FA30264B99C40074C779 /* CategoryCollectionViewCell.swift in Sources */,
				55240DEB2653885F004F7C30 /* SeederNetworkDataStore.swift in Sources */,
				554C2C392656B34200714E2E /* MBColor.swift in Sources */,
				554C2C362656AF0000714E2E /* MonsterDetailViewController+Delegate.swift in Sources */,
				2C6A2E42264D658D00D4FAA6 /* DeleteButton.swift in Sources */,
				559ECD9A2656D27D00C3E7DD /* MonsterImageTableViewCellDelegate.swift in Sources */,
				2C75B74726556A1C00D5BC75 /* MonsterImageTableViewCell.swift in Sources */,
				2CC5FC6A2649A94500E4DE59 /* CategoryTableViewCell.swift in Sources */,
				2C386BBF264E0C690082F4B7 /* SeederStaticDataStore.swift in Sources */,
				2C03A3EA26529E5700A71F1D /* ListOfMonstersTableViewController.swift in Sources */,
				554C2C3026563EA200714E2E /* MonsterDetailView.swift in Sources */,
				554C2C2926562A8800714E2E /* DashboardViewDelegate.swift in Sources */,
				2C386BC5264E1C6C0082F4B7 /* MonsterDetailViewController.swift in Sources */,
				559ECD9C2656DB7900C3E7DD /* MonsterDetailViewControllerDelegate.swift in Sources */,
			);
			runOnlyForDeploymentPostprocessing = 0;
		};
/* End PBXSourcesBuildPhase section */

/* Begin PBXVariantGroup section */
		2CF96CA926499A88005A7B9F /* Dashboard.storyboard */ = {
			isa = PBXVariantGroup;
			children = (
				2CF96CAA26499A88005A7B9F /* Base */,
			);
			name = Dashboard.storyboard;
			sourceTree = "<group>";
		};
		2CF96CAE26499A88005A7B9F /* LaunchScreen.storyboard */ = {
			isa = PBXVariantGroup;
			children = (
				2CF96CAF26499A88005A7B9F /* Base */,
			);
			name = LaunchScreen.storyboard;
			sourceTree = "<group>";
		};
/* End PBXVariantGroup section */

/* Begin XCBuildConfiguration section */
		2CF96CB226499A88005A7B9F /* Debug */ = {
			isa = XCBuildConfiguration;
			buildSettings = {
				ALWAYS_SEARCH_USER_PATHS = NO;
				CLANG_ANALYZER_NONNULL = YES;
				CLANG_ANALYZER_NUMBER_OBJECT_CONVERSION = YES_AGGRESSIVE;
				CLANG_CXX_LANGUAGE_STANDARD = "gnu++14";
				CLANG_CXX_LIBRARY = "libc++";
				CLANG_ENABLE_MODULES = YES;
				CLANG_ENABLE_OBJC_ARC = YES;
				CLANG_ENABLE_OBJC_WEAK = YES;
				CLANG_WARN_BLOCK_CAPTURE_AUTORELEASING = YES;
				CLANG_WARN_BOOL_CONVERSION = YES;
				CLANG_WARN_COMMA = YES;
				CLANG_WARN_CONSTANT_CONVERSION = YES;
				CLANG_WARN_DEPRECATED_OBJC_IMPLEMENTATIONS = YES;
				CLANG_WARN_DIRECT_OBJC_ISA_USAGE = YES_ERROR;
				CLANG_WARN_DOCUMENTATION_COMMENTS = YES;
				CLANG_WARN_EMPTY_BODY = YES;
				CLANG_WARN_ENUM_CONVERSION = YES;
				CLANG_WARN_INFINITE_RECURSION = YES;
				CLANG_WARN_INT_CONVERSION = YES;
				CLANG_WARN_NON_LITERAL_NULL_CONVERSION = YES;
				CLANG_WARN_OBJC_IMPLICIT_RETAIN_SELF = YES;
				CLANG_WARN_OBJC_LITERAL_CONVERSION = YES;
				CLANG_WARN_OBJC_ROOT_CLASS = YES_ERROR;
				CLANG_WARN_QUOTED_INCLUDE_IN_FRAMEWORK_HEADER = YES;
				CLANG_WARN_RANGE_LOOP_ANALYSIS = YES;
				CLANG_WARN_STRICT_PROTOTYPES = YES;
				CLANG_WARN_SUSPICIOUS_MOVE = YES;
				CLANG_WARN_UNGUARDED_AVAILABILITY = YES_AGGRESSIVE;
				CLANG_WARN_UNREACHABLE_CODE = YES;
				CLANG_WARN__DUPLICATE_METHOD_MATCH = YES;
				COPY_PHASE_STRIP = NO;
				DEBUG_INFORMATION_FORMAT = dwarf;
				ENABLE_STRICT_OBJC_MSGSEND = YES;
				ENABLE_TESTABILITY = YES;
				GCC_C_LANGUAGE_STANDARD = gnu11;
				GCC_DYNAMIC_NO_PIC = NO;
				GCC_NO_COMMON_BLOCKS = YES;
				GCC_OPTIMIZATION_LEVEL = 0;
				GCC_PREPROCESSOR_DEFINITIONS = (
					"DEBUG=1",
					"$(inherited)",
				);
				GCC_WARN_64_TO_32_BIT_CONVERSION = YES;
				GCC_WARN_ABOUT_RETURN_TYPE = YES_ERROR;
				GCC_WARN_UNDECLARED_SELECTOR = YES;
				GCC_WARN_UNINITIALIZED_AUTOS = YES_AGGRESSIVE;
				GCC_WARN_UNUSED_FUNCTION = YES;
				GCC_WARN_UNUSED_VARIABLE = YES;
				IPHONEOS_DEPLOYMENT_TARGET = 14.4;
				MTL_ENABLE_DEBUG_INFO = INCLUDE_SOURCE;
				MTL_FAST_MATH = YES;
				ONLY_ACTIVE_ARCH = YES;
				SDKROOT = iphoneos;
				SWIFT_ACTIVE_COMPILATION_CONDITIONS = DEBUG;
				SWIFT_OPTIMIZATION_LEVEL = "-Onone";
			};
			name = Debug;
		};
		2CF96CB326499A88005A7B9F /* Release */ = {
			isa = XCBuildConfiguration;
			buildSettings = {
				ALWAYS_SEARCH_USER_PATHS = NO;
				CLANG_ANALYZER_NONNULL = YES;
				CLANG_ANALYZER_NUMBER_OBJECT_CONVERSION = YES_AGGRESSIVE;
				CLANG_CXX_LANGUAGE_STANDARD = "gnu++14";
				CLANG_CXX_LIBRARY = "libc++";
				CLANG_ENABLE_MODULES = YES;
				CLANG_ENABLE_OBJC_ARC = YES;
				CLANG_ENABLE_OBJC_WEAK = YES;
				CLANG_WARN_BLOCK_CAPTURE_AUTORELEASING = YES;
				CLANG_WARN_BOOL_CONVERSION = YES;
				CLANG_WARN_COMMA = YES;
				CLANG_WARN_CONSTANT_CONVERSION = YES;
				CLANG_WARN_DEPRECATED_OBJC_IMPLEMENTATIONS = YES;
				CLANG_WARN_DIRECT_OBJC_ISA_USAGE = YES_ERROR;
				CLANG_WARN_DOCUMENTATION_COMMENTS = YES;
				CLANG_WARN_EMPTY_BODY = YES;
				CLANG_WARN_ENUM_CONVERSION = YES;
				CLANG_WARN_INFINITE_RECURSION = YES;
				CLANG_WARN_INT_CONVERSION = YES;
				CLANG_WARN_NON_LITERAL_NULL_CONVERSION = YES;
				CLANG_WARN_OBJC_IMPLICIT_RETAIN_SELF = YES;
				CLANG_WARN_OBJC_LITERAL_CONVERSION = YES;
				CLANG_WARN_OBJC_ROOT_CLASS = YES_ERROR;
				CLANG_WARN_QUOTED_INCLUDE_IN_FRAMEWORK_HEADER = YES;
				CLANG_WARN_RANGE_LOOP_ANALYSIS = YES;
				CLANG_WARN_STRICT_PROTOTYPES = YES;
				CLANG_WARN_SUSPICIOUS_MOVE = YES;
				CLANG_WARN_UNGUARDED_AVAILABILITY = YES_AGGRESSIVE;
				CLANG_WARN_UNREACHABLE_CODE = YES;
				CLANG_WARN__DUPLICATE_METHOD_MATCH = YES;
				COPY_PHASE_STRIP = NO;
				DEBUG_INFORMATION_FORMAT = "dwarf-with-dsym";
				ENABLE_NS_ASSERTIONS = NO;
				ENABLE_STRICT_OBJC_MSGSEND = YES;
				GCC_C_LANGUAGE_STANDARD = gnu11;
				GCC_NO_COMMON_BLOCKS = YES;
				GCC_WARN_64_TO_32_BIT_CONVERSION = YES;
				GCC_WARN_ABOUT_RETURN_TYPE = YES_ERROR;
				GCC_WARN_UNDECLARED_SELECTOR = YES;
				GCC_WARN_UNINITIALIZED_AUTOS = YES_AGGRESSIVE;
				GCC_WARN_UNUSED_FUNCTION = YES;
				GCC_WARN_UNUSED_VARIABLE = YES;
				IPHONEOS_DEPLOYMENT_TARGET = 14.4;
				MTL_ENABLE_DEBUG_INFO = NO;
				MTL_FAST_MATH = YES;
				SDKROOT = iphoneos;
				SWIFT_COMPILATION_MODE = wholemodule;
				SWIFT_OPTIMIZATION_LEVEL = "-O";
				VALIDATE_PRODUCT = YES;
			};
			name = Release;
		};
		2CF96CB526499A88005A7B9F /* Debug */ = {
			isa = XCBuildConfiguration;
			buildSettings = {
				ASSETCATALOG_COMPILER_APPICON_NAME = AppIcon;
				ASSETCATALOG_COMPILER_GLOBAL_ACCENT_COLOR_NAME = AccentColor;
				CODE_SIGN_STYLE = Automatic;
				DEVELOPMENT_TEAM = 665XP63X44;
				INFOPLIST_FILE = MonsterBook/Info.plist;
				LD_RUNPATH_SEARCH_PATHS = (
					"$(inherited)",
					"@executable_path/Frameworks",
				);
				PRODUCT_BUNDLE_IDENTIFIER = "Allicia-Viona.MonsterBook";
				PRODUCT_NAME = "$(TARGET_NAME)";
				SWIFT_VERSION = 5.0;
				TARGETED_DEVICE_FAMILY = "1,2";
			};
			name = Debug;
		};
		2CF96CB626499A88005A7B9F /* Release */ = {
			isa = XCBuildConfiguration;
			buildSettings = {
				ASSETCATALOG_COMPILER_APPICON_NAME = AppIcon;
				ASSETCATALOG_COMPILER_GLOBAL_ACCENT_COLOR_NAME = AccentColor;
				CODE_SIGN_STYLE = Automatic;
				DEVELOPMENT_TEAM = 665XP63X44;
				INFOPLIST_FILE = MonsterBook/Info.plist;
				LD_RUNPATH_SEARCH_PATHS = (
					"$(inherited)",
					"@executable_path/Frameworks",
				);
				PRODUCT_BUNDLE_IDENTIFIER = "Allicia-Viona.MonsterBook";
				PRODUCT_NAME = "$(TARGET_NAME)";
				SWIFT_VERSION = 5.0;
				TARGETED_DEVICE_FAMILY = "1,2";
			};
			name = Release;
		};
/* End XCBuildConfiguration section */

/* Begin XCConfigurationList section */
		2CF96C9B26499A88005A7B9F /* Build configuration list for PBXProject "MonsterBook" */ = {
			isa = XCConfigurationList;
			buildConfigurations = (
				2CF96CB226499A88005A7B9F /* Debug */,
				2CF96CB326499A88005A7B9F /* Release */,
			);
			defaultConfigurationIsVisible = 0;
			defaultConfigurationName = Release;
		};
		2CF96CB426499A88005A7B9F /* Build configuration list for PBXNativeTarget "MonsterBook" */ = {
			isa = XCConfigurationList;
			buildConfigurations = (
				2CF96CB526499A88005A7B9F /* Debug */,
				2CF96CB626499A88005A7B9F /* Release */,
			);
			defaultConfigurationIsVisible = 0;
			defaultConfigurationName = Release;
		};
/* End XCConfigurationList section */
	};
	rootObject = 2CF96C9826499A88005A7B9F /* Project object */;
}
