// !$*UTF8*$!
{
	archiveVersion = 1;
	classes = {
	};
	objectVersion = 50;
	objects = {

/* Begin PBXBuildFile section */
		2C03A3D626528EB800A71F1D /* HeaderTableViewCell.swift in Sources */ = {isa = PBXBuildFile; fileRef = 2C03A3D426528EB800A71F1D /* HeaderTableViewCell.swift */; };
		2C03A3D726528EB800A71F1D /* HeaderTableViewCell.xib in Resources */ = {isa = PBXBuildFile; fileRef = 2C03A3D526528EB800A71F1D /* HeaderTableViewCell.xib */; };
		2C03A3DD2652957C00A71F1D /* FavoriteMonsterTableViewCell.swift in Sources */ = {isa = PBXBuildFile; fileRef = 2C03A3DB2652957C00A71F1D /* FavoriteMonsterTableViewCell.swift */; };
		2C03A3DE2652957C00A71F1D /* FavoriteMonsterTableViewCell.xib in Resources */ = {isa = PBXBuildFile; fileRef = 2C03A3DC2652957C00A71F1D /* FavoriteMonsterTableViewCell.xib */; };
		2C03A3E42652996E00A71F1D /* FavoriteMonsterCollectionsTableViewCell.swift in Sources */ = {isa = PBXBuildFile; fileRef = 2C03A3E22652996E00A71F1D /* FavoriteMonsterCollectionsTableViewCell.swift */; };
		2C03A3E52652996E00A71F1D /* FavoriteMonsterCollectionsTableViewCell.xib in Resources */ = {isa = PBXBuildFile; fileRef = 2C03A3E32652996E00A71F1D /* FavoriteMonsterCollectionsTableViewCell.xib */; };
		2C03A3EA26529E5700A71F1D /* ListOfMonstersTableViewController.swift in Sources */ = {isa = PBXBuildFile; fileRef = 2C03A3E926529E5700A71F1D /* ListOfMonstersTableViewController.swift */; };
		2C03A3ED26529EA300A71F1D /* ListOfMonsters.storyboard in Resources */ = {isa = PBXBuildFile; fileRef = 2C03A3EC26529EA300A71F1D /* ListOfMonsters.storyboard */; };
		2C386BBF264E0C690082F4B7 /* Seeder.swift in Sources */ = {isa = PBXBuildFile; fileRef = 2C386BBE264E0C690082F4B7 /* Seeder.swift */; };
		2C386BC2264E1C480082F4B7 /* MonsterDetails.storyboard in Resources */ = {isa = PBXBuildFile; fileRef = 2C386BC1264E1C480082F4B7 /* MonsterDetails.storyboard */; };
		2C386BC5264E1C6C0082F4B7 /* MonsterDetailsTableViewController.swift in Sources */ = {isa = PBXBuildFile; fileRef = 2C386BC4264E1C6C0082F4B7 /* MonsterDetailsTableViewController.swift */; };
		2C67DCAB2652D74A00EA1B98 /* SF-Compact-Rounded-Bold.otf in Resources */ = {isa = PBXBuildFile; fileRef = 2C67DCAA2652D74A00EA1B98 /* SF-Compact-Rounded-Bold.otf */; };
		2C6A2E42264D658D00D4FAA6 /* DeleteButton.swift in Sources */ = {isa = PBXBuildFile; fileRef = 2C6A2E41264D658D00D4FAA6 /* DeleteButton.swift */; };
		2C75FA30264B99C40074C779 /* CategoryCollectionViewCell.swift in Sources */ = {isa = PBXBuildFile; fileRef = 2C75FA2E264B99C40074C779 /* CategoryCollectionViewCell.swift */; };
		2C75FA31264B99C40074C779 /* CategoryCollectionViewCell.xib in Resources */ = {isa = PBXBuildFile; fileRef = 2C75FA2F264B99C40074C779 /* CategoryCollectionViewCell.xib */; };
		2C75FA41264C3D150074C779 /* Monster.swift in Sources */ = {isa = PBXBuildFile; fileRef = 2C75FA40264C3D140074C779 /* Monster.swift */; };
		2C75FA45264C3D860074C779 /* WaterMonster.swift in Sources */ = {isa = PBXBuildFile; fileRef = 2C75FA44264C3D860074C779 /* WaterMonster.swift */; };
		2C75FA48264C3D8E0074C779 /* FireMonster.swift in Sources */ = {isa = PBXBuildFile; fileRef = 2C75FA47264C3D8E0074C779 /* FireMonster.swift */; };
		2C75FA4B264C3DD40074C779 /* GroundMonster.swift in Sources */ = {isa = PBXBuildFile; fileRef = 2C75FA4A264C3DD40074C779 /* GroundMonster.swift */; };
		2C75FA4E264C3DDD0074C779 /* AirMonster.swift in Sources */ = {isa = PBXBuildFile; fileRef = 2C75FA4D264C3DDD0074C779 /* AirMonster.swift */; };
		2C75FA51264C3E050074C779 /* MetalMonster.swift in Sources */ = {isa = PBXBuildFile; fileRef = 2C75FA50264C3E050074C779 /* MetalMonster.swift */; };
		2C75FA54264C3E120074C779 /* ShadowMonster.swift in Sources */ = {isa = PBXBuildFile; fileRef = 2C75FA53264C3E120074C779 /* ShadowMonster.swift */; };
		2C75FA60264C437C0074C779 /* MonstersListTableViewCell.swift in Sources */ = {isa = PBXBuildFile; fileRef = 2C75FA5E264C437C0074C779 /* MonstersListTableViewCell.swift */; };
		2C75FA61264C437C0074C779 /* MonstersListTableViewCell.xib in Resources */ = {isa = PBXBuildFile; fileRef = 2C75FA5F264C437C0074C779 /* MonstersListTableViewCell.xib */; };
		2CC5FC6A2649A94500E4DE59 /* CategoryTableViewCell.swift in Sources */ = {isa = PBXBuildFile; fileRef = 2CC5FC682649A94500E4DE59 /* CategoryTableViewCell.swift */; };
		2CC5FC6B2649A94500E4DE59 /* CategoryTableViewCell.xib in Resources */ = {isa = PBXBuildFile; fileRef = 2CC5FC692649A94500E4DE59 /* CategoryTableViewCell.xib */; };
		2CF96CA426499A88005A7B9F /* AppDelegate.swift in Sources */ = {isa = PBXBuildFile; fileRef = 2CF96CA326499A88005A7B9F /* AppDelegate.swift */; };
		2CF96CA626499A88005A7B9F /* SceneDelegate.swift in Sources */ = {isa = PBXBuildFile; fileRef = 2CF96CA526499A88005A7B9F /* SceneDelegate.swift */; };
		2CF96CA826499A88005A7B9F /* DashboardTableViewController.swift in Sources */ = {isa = PBXBuildFile; fileRef = 2CF96CA726499A88005A7B9F /* DashboardTableViewController.swift */; };
		2CF96CAB26499A88005A7B9F /* Main.storyboard in Resources */ = {isa = PBXBuildFile; fileRef = 2CF96CA926499A88005A7B9F /* Main.storyboard */; };
		2CF96CAD26499A88005A7B9F /* Assets.xcassets in Resources */ = {isa = PBXBuildFile; fileRef = 2CF96CAC26499A88005A7B9F /* Assets.xcassets */; };
		2CF96CB026499A88005A7B9F /* LaunchScreen.storyboard in Resources */ = {isa = PBXBuildFile; fileRef = 2CF96CAE26499A88005A7B9F /* LaunchScreen.storyboard */; };
/* End PBXBuildFile section */

/* Begin PBXFileReference section */
		2C03A3D426528EB800A71F1D /* HeaderTableViewCell.swift */ = {isa = PBXFileReference; lastKnownFileType = sourcecode.swift; path = HeaderTableViewCell.swift; sourceTree = "<group>"; };
		2C03A3D526528EB800A71F1D /* HeaderTableViewCell.xib */ = {isa = PBXFileReference; lastKnownFileType = file.xib; path = HeaderTableViewCell.xib; sourceTree = "<group>"; };
		2C03A3DB2652957C00A71F1D /* FavoriteMonsterTableViewCell.swift */ = {isa = PBXFileReference; lastKnownFileType = sourcecode.swift; path = FavoriteMonsterTableViewCell.swift; sourceTree = "<group>"; };
		2C03A3DC2652957C00A71F1D /* FavoriteMonsterTableViewCell.xib */ = {isa = PBXFileReference; lastKnownFileType = file.xib; path = FavoriteMonsterTableViewCell.xib; sourceTree = "<group>"; };
		2C03A3E22652996E00A71F1D /* FavoriteMonsterCollectionsTableViewCell.swift */ = {isa = PBXFileReference; lastKnownFileType = sourcecode.swift; path = FavoriteMonsterCollectionsTableViewCell.swift; sourceTree = "<group>"; };
		2C03A3E32652996E00A71F1D /* FavoriteMonsterCollectionsTableViewCell.xib */ = {isa = PBXFileReference; lastKnownFileType = file.xib; path = FavoriteMonsterCollectionsTableViewCell.xib; sourceTree = "<group>"; };
		2C03A3E926529E5700A71F1D /* ListOfMonstersTableViewController.swift */ = {isa = PBXFileReference; lastKnownFileType = sourcecode.swift; path = ListOfMonstersTableViewController.swift; sourceTree = "<group>"; };
		2C03A3EC26529EA300A71F1D /* ListOfMonsters.storyboard */ = {isa = PBXFileReference; lastKnownFileType = file.storyboard; path = ListOfMonsters.storyboard; sourceTree = "<group>"; };
		2C386BBE264E0C690082F4B7 /* Seeder.swift */ = {isa = PBXFileReference; lastKnownFileType = sourcecode.swift; path = Seeder.swift; sourceTree = "<group>"; };
		2C386BC1264E1C480082F4B7 /* MonsterDetails.storyboard */ = {isa = PBXFileReference; lastKnownFileType = file.storyboard; path = MonsterDetails.storyboard; sourceTree = "<group>"; };
		2C386BC4264E1C6C0082F4B7 /* MonsterDetailsTableViewController.swift */ = {isa = PBXFileReference; lastKnownFileType = sourcecode.swift; path = MonsterDetailsTableViewController.swift; sourceTree = "<group>"; };
		2C67DCAA2652D74A00EA1B98 /* SF-Compact-Rounded-Bold.otf */ = {isa = PBXFileReference; lastKnownFileType = file; path = "SF-Compact-Rounded-Bold.otf"; sourceTree = "<group>"; };
		2C6A2E41264D658D00D4FAA6 /* DeleteButton.swift */ = {isa = PBXFileReference; lastKnownFileType = sourcecode.swift; path = DeleteButton.swift; sourceTree = "<group>"; };
		2C75FA2E264B99C40074C779 /* CategoryCollectionViewCell.swift */ = {isa = PBXFileReference; lastKnownFileType = sourcecode.swift; path = CategoryCollectionViewCell.swift; sourceTree = "<group>"; };
		2C75FA2F264B99C40074C779 /* CategoryCollectionViewCell.xib */ = {isa = PBXFileReference; lastKnownFileType = file.xib; path = CategoryCollectionViewCell.xib; sourceTree = "<group>"; };
		2C75FA40264C3D140074C779 /* Monster.swift */ = {isa = PBXFileReference; lastKnownFileType = sourcecode.swift; path = Monster.swift; sourceTree = "<group>"; };
		2C75FA44264C3D860074C779 /* WaterMonster.swift */ = {isa = PBXFileReference; lastKnownFileType = sourcecode.swift; path = WaterMonster.swift; sourceTree = "<group>"; };
		2C75FA47264C3D8E0074C779 /* FireMonster.swift */ = {isa = PBXFileReference; lastKnownFileType = sourcecode.swift; path = FireMonster.swift; sourceTree = "<group>"; };
		2C75FA4A264C3DD40074C779 /* GroundMonster.swift */ = {isa = PBXFileReference; lastKnownFileType = sourcecode.swift; path = GroundMonster.swift; sourceTree = "<group>"; };
		2C75FA4D264C3DDD0074C779 /* AirMonster.swift */ = {isa = PBXFileReference; lastKnownFileType = sourcecode.swift; path = AirMonster.swift; sourceTree = "<group>"; };
		2C75FA50264C3E050074C779 /* MetalMonster.swift */ = {isa = PBXFileReference; lastKnownFileType = sourcecode.swift; path = MetalMonster.swift; sourceTree = "<group>"; };
		2C75FA53264C3E120074C779 /* ShadowMonster.swift */ = {isa = PBXFileReference; lastKnownFileType = sourcecode.swift; path = ShadowMonster.swift; sourceTree = "<group>"; };
		2C75FA5E264C437C0074C779 /* MonstersListTableViewCell.swift */ = {isa = PBXFileReference; lastKnownFileType = sourcecode.swift; path = MonstersListTableViewCell.swift; sourceTree = "<group>"; };
		2C75FA5F264C437C0074C779 /* MonstersListTableViewCell.xib */ = {isa = PBXFileReference; lastKnownFileType = file.xib; path = MonstersListTableViewCell.xib; sourceTree = "<group>"; };
		2CC5FC682649A94500E4DE59 /* CategoryTableViewCell.swift */ = {isa = PBXFileReference; lastKnownFileType = sourcecode.swift; path = CategoryTableViewCell.swift; sourceTree = "<group>"; };
		2CC5FC692649A94500E4DE59 /* CategoryTableViewCell.xib */ = {isa = PBXFileReference; lastKnownFileType = file.xib; path = CategoryTableViewCell.xib; sourceTree = "<group>"; };
		2CF96CA026499A88005A7B9F /* MonsterBook.app */ = {isa = PBXFileReference; explicitFileType = wrapper.application; includeInIndex = 0; path = MonsterBook.app; sourceTree = BUILT_PRODUCTS_DIR; };
		2CF96CA326499A88005A7B9F /* AppDelegate.swift */ = {isa = PBXFileReference; lastKnownFileType = sourcecode.swift; path = AppDelegate.swift; sourceTree = "<group>"; };
		2CF96CA526499A88005A7B9F /* SceneDelegate.swift */ = {isa = PBXFileReference; lastKnownFileType = sourcecode.swift; path = SceneDelegate.swift; sourceTree = "<group>"; };
		2CF96CA726499A88005A7B9F /* DashboardTableViewController.swift */ = {isa = PBXFileReference; lastKnownFileType = sourcecode.swift; path = DashboardTableViewController.swift; sourceTree = "<group>"; };
		2CF96CAA26499A88005A7B9F /* Base */ = {isa = PBXFileReference; lastKnownFileType = file.storyboard; name = Base; path = Base.lproj/Main.storyboard; sourceTree = "<group>"; };
		2CF96CAC26499A88005A7B9F /* Assets.xcassets */ = {isa = PBXFileReference; lastKnownFileType = folder.assetcatalog; path = Assets.xcassets; sourceTree = "<group>"; };
		2CF96CAF26499A88005A7B9F /* Base */ = {isa = PBXFileReference; lastKnownFileType = file.storyboard; name = Base; path = Base.lproj/LaunchScreen.storyboard; sourceTree = "<group>"; };
		2CF96CB126499A88005A7B9F /* Info.plist */ = {isa = PBXFileReference; lastKnownFileType = text.plist.xml; path = Info.plist; sourceTree = "<group>"; };
/* End PBXFileReference section */

/* Begin PBXFrameworksBuildPhase section */
		2CF96C9D26499A88005A7B9F /* Frameworks */ = {
			isa = PBXFrameworksBuildPhase;
			buildActionMask = 2147483647;
			files = (
			);
			runOnlyForDeploymentPostprocessing = 0;
		};
/* End PBXFrameworksBuildPhase section */

/* Begin PBXGroup section */
		2C03A3D326528E9800A71F1D /* Header Cell */ = {
			isa = PBXGroup;
			children = (
				2C03A3D426528EB800A71F1D /* HeaderTableViewCell.swift */,
				2C03A3D526528EB800A71F1D /* HeaderTableViewCell.xib */,
			);
			path = "Header Cell";
			sourceTree = "<group>";
		};
		2C03A3E12652987000A71F1D /* Favorite Monster Collections */ = {
			isa = PBXGroup;
			children = (
				2C03A3E22652996E00A71F1D /* FavoriteMonsterCollectionsTableViewCell.swift */,
				2C03A3E32652996E00A71F1D /* FavoriteMonsterCollectionsTableViewCell.xib */,
			);
			path = "Favorite Monster Collections";
			sourceTree = "<group>";
		};
		2C255A90264A2E3100CAA2E0 /* Category Cell */ = {
			isa = PBXGroup;
			children = (
				2C75FA2E264B99C40074C779 /* CategoryCollectionViewCell.swift */,
				2C75FA2F264B99C40074C779 /* CategoryCollectionViewCell.xib */,
			);
			path = "Category Cell";
			sourceTree = "<group>";
		};
		2C6A2E39264D651000D4FAA6 /* Themes */ = {
			isa = PBXGroup;
			children = (
				2C6A2E3C264D654400D4FAA6 /* UI */,
				2C6A2E3D264D654800D4FAA6 /* Color */,
				2C6A2E3E264D654F00D4FAA6 /* Fonts */,
			);
			path = Themes;
			sourceTree = "<group>";
		};
		2C6A2E3A264D651800D4FAA6 /* Helper */ = {
			isa = PBXGroup;
			children = (
			);
			path = Helper;
			sourceTree = "<group>";
		};
		2C6A2E3B264D651C00D4FAA6 /* Utilities */ = {
			isa = PBXGroup;
			children = (
				2C6A2E45264D662A00D4FAA6 /* Networking */,
				2C6A2E46264D663100D4FAA6 /* Core Data */,
			);
			path = Utilities;
			sourceTree = "<group>";
		};
		2C6A2E3C264D654400D4FAA6 /* UI */ = {
			isa = PBXGroup;
			children = (
				2C6A2E41264D658D00D4FAA6 /* DeleteButton.swift */,
			);
			path = UI;
			sourceTree = "<group>";
		};
		2C6A2E3D264D654800D4FAA6 /* Color */ = {
			isa = PBXGroup;
			children = (
			);
			path = Color;
			sourceTree = "<group>";
		};
		2C6A2E3E264D654F00D4FAA6 /* Fonts */ = {
			isa = PBXGroup;
			children = (
				2C67DCAA2652D74A00EA1B98 /* SF-Compact-Rounded-Bold.otf */,
			);
			path = Fonts;
			sourceTree = "<group>";
		};
		2C6A2E45264D662A00D4FAA6 /* Networking */ = {
			isa = PBXGroup;
			children = (
			);
			path = Networking;
			sourceTree = "<group>";
		};
		2C6A2E46264D663100D4FAA6 /* Core Data */ = {
			isa = PBXGroup;
			children = (
			);
			path = "Core Data";
			sourceTree = "<group>";
		};
		2C75FA3C264C37390074C779 /* List of Monster */ = {
			isa = PBXGroup;
			children = (
				2C75FA63264C43850074C779 /* Monsters List Cell */,
				2C03A3E926529E5700A71F1D /* ListOfMonstersTableViewController.swift */,
				2C03A3EC26529EA300A71F1D /* ListOfMonsters.storyboard */,
			);
			path = "List of Monster";
			sourceTree = "<group>";
		};
		2C75FA3E264C3C500074C779 /* Pages */ = {
			isa = PBXGroup;
			children = (
				2C75FA56264C41C70074C779 /* Monster Dashboard */,
				2C75FA59264C42100074C779 /* Add Monster */,
				2C75FA3C264C37390074C779 /* List of Monster */,
				2C75FA57264C41EC0074C779 /* Monster Details */,
				2C75FA58264C41FE0074C779 /* Edit Monster */,
			);
			path = Pages;
			sourceTree = "<group>";
		};
		2C75FA3F264C3C750074C779 /* Model */ = {
			isa = PBXGroup;
			children = (
				2C75FA40264C3D140074C779 /* Monster.swift */,
				2C75FA44264C3D860074C779 /* WaterMonster.swift */,
				2C75FA47264C3D8E0074C779 /* FireMonster.swift */,
				2C75FA4A264C3DD40074C779 /* GroundMonster.swift */,
				2C75FA4D264C3DDD0074C779 /* AirMonster.swift */,
				2C75FA50264C3E050074C779 /* MetalMonster.swift */,
				2C75FA53264C3E120074C779 /* ShadowMonster.swift */,
				2C386BBE264E0C690082F4B7 /* Seeder.swift */,
			);
			path = Model;
			sourceTree = "<group>";
		};
		2C75FA56264C41C70074C779 /* Monster Dashboard */ = {
			isa = PBXGroup;
			children = (
				2CC5FC5F2649A2AC00E4DE59 /* Category Collections */,
				2C255A90264A2E3100CAA2E0 /* Category Cell */,
				2C03A3E12652987000A71F1D /* Favorite Monster Collections */,
				2CC5FC602649A2D300E4DE59 /* Favorite Monster Cell */,
				2C03A3D326528E9800A71F1D /* Header Cell */,
				2CF96CA726499A88005A7B9F /* DashboardTableViewController.swift */,
			);
			path = "Monster Dashboard";
			sourceTree = "<group>";
		};
		2C75FA57264C41EC0074C779 /* Monster Details */ = {
			isa = PBXGroup;
			children = (
				2C386BC1264E1C480082F4B7 /* MonsterDetails.storyboard */,
				2C386BC4264E1C6C0082F4B7 /* MonsterDetailsTableViewController.swift */,
			);
			path = "Monster Details";
			sourceTree = "<group>";
		};
		2C75FA58264C41FE0074C779 /* Edit Monster */ = {
			isa = PBXGroup;
			children = (
			);
			path = "Edit Monster";
			sourceTree = "<group>";
		};
		2C75FA59264C42100074C779 /* Add Monster */ = {
			isa = PBXGroup;
			children = (
			);
			path = "Add Monster";
			sourceTree = "<group>";
		};
		2C75FA63264C43850074C779 /* Monsters List Cell */ = {
			isa = PBXGroup;
			children = (
				2C75FA5E264C437C0074C779 /* MonstersListTableViewCell.swift */,
				2C75FA5F264C437C0074C779 /* MonstersListTableViewCell.xib */,
			);
			path = "Monsters List Cell";
			sourceTree = "<group>";
		};
		2CC5FC5F2649A2AC00E4DE59 /* Category Collections */ = {
			isa = PBXGroup;
			children = (
				2CC5FC682649A94500E4DE59 /* CategoryTableViewCell.swift */,
				2CC5FC692649A94500E4DE59 /* CategoryTableViewCell.xib */,
			);
			path = "Category Collections";
			sourceTree = "<group>";
		};
		2CC5FC602649A2D300E4DE59 /* Favorite Monster Cell */ = {
			isa = PBXGroup;
			children = (
				2C03A3DB2652957C00A71F1D /* FavoriteMonsterTableViewCell.swift */,
				2C03A3DC2652957C00A71F1D /* FavoriteMonsterTableViewCell.xib */,
			);
			path = "Favorite Monster Cell";
			sourceTree = "<group>";
		};
		2CF96C9726499A88005A7B9F = {
			isa = PBXGroup;
			children = (
				2CF96CA226499A88005A7B9F /* MonsterBook */,
				2CF96CA126499A88005A7B9F /* Products */,
			);
			sourceTree = "<group>";
		};
		2CF96CA126499A88005A7B9F /* Products */ = {
			isa = PBXGroup;
			children = (
				2CF96CA026499A88005A7B9F /* MonsterBook.app */,
			);
			name = Products;
			sourceTree = "<group>";
		};
		2CF96CA226499A88005A7B9F /* MonsterBook */ = {
			isa = PBXGroup;
			children = (
				2C6A2E39264D651000D4FAA6 /* Themes */,
				2C75FA3F264C3C750074C779 /* Model */,
				2C75FA3E264C3C500074C779 /* Pages */,
				2C6A2E3A264D651800D4FAA6 /* Helper */,
				2C6A2E3B264D651C00D4FAA6 /* Utilities */,
				2CF96CA326499A88005A7B9F /* AppDelegate.swift */,
				2CF96CA526499A88005A7B9F /* SceneDelegate.swift */,
				2CF96CA926499A88005A7B9F /* Main.storyboard */,
				2CF96CAC26499A88005A7B9F /* Assets.xcassets */,
				2CF96CAE26499A88005A7B9F /* LaunchScreen.storyboard */,
				2CF96CB126499A88005A7B9F /* Info.plist */,
			);
			path = MonsterBook;
			sourceTree = "<group>";
		};
/* End PBXGroup section */

/* Begin PBXNativeTarget section */
		2CF96C9F26499A88005A7B9F /* MonsterBook */ = {
			isa = PBXNativeTarget;
			buildConfigurationList = 2CF96CB426499A88005A7B9F /* Build configuration list for PBXNativeTarget "MonsterBook" */;
			buildPhases = (
				2CF96C9C26499A88005A7B9F /* Sources */,
				2CF96C9D26499A88005A7B9F /* Frameworks */,
				2CF96C9E26499A88005A7B9F /* Resources */,
			);
			buildRules = (
			);
			dependencies = (
			);
			name = MonsterBook;
			productName = MonsterBook;
			productReference = 2CF96CA026499A88005A7B9F /* MonsterBook.app */;
			productType = "com.apple.product-type.application";
		};
/* End PBXNativeTarget section */

/* Begin PBXProject section */
		2CF96C9826499A88005A7B9F /* Project object */ = {
			isa = PBXProject;
			attributes = {
				LastSwiftUpdateCheck = 1240;
				LastUpgradeCheck = 1240;
				TargetAttributes = {
					2CF96C9F26499A88005A7B9F = {
						CreatedOnToolsVersion = 12.4;
					};
				};
			};
			buildConfigurationList = 2CF96C9B26499A88005A7B9F /* Build configuration list for PBXProject "MonsterBook" */;
			compatibilityVersion = "Xcode 9.3";
			developmentRegion = en;
			hasScannedForEncodings = 0;
			knownRegions = (
				en,
				Base,
			);
			mainGroup = 2CF96C9726499A88005A7B9F;
			productRefGroup = 2CF96CA126499A88005A7B9F /* Products */;
			projectDirPath = "";
			projectRoot = "";
			targets = (
				2CF96C9F26499A88005A7B9F /* MonsterBook */,
			);
		};
/* End PBXProject section */

/* Begin PBXResourcesBuildPhase section */
		2CF96C9E26499A88005A7B9F /* Resources */ = {
			isa = PBXResourcesBuildPhase;
			buildActionMask = 2147483647;
			files = (
				2C75FA61264C437C0074C779 /* MonstersListTableViewCell.xib in Resources */,
				2C03A3DE2652957C00A71F1D /* FavoriteMonsterTableViewCell.xib in Resources */,
				2C386BC2264E1C480082F4B7 /* MonsterDetails.storyboard in Resources */,
				2C67DCAB2652D74A00EA1B98 /* SF-Compact-Rounded-Bold.otf in Resources */,
				2C75FA31264B99C40074C779 /* CategoryCollectionViewCell.xib in Resources */,
				2C03A3ED26529EA300A71F1D /* ListOfMonsters.storyboard in Resources */,
				2CF96CB026499A88005A7B9F /* LaunchScreen.storyboard in Resources */,
				2CF96CAD26499A88005A7B9F /* Assets.xcassets in Resources */,
				2CF96CAB26499A88005A7B9F /* Main.storyboard in Resources */,
				2C03A3D726528EB800A71F1D /* HeaderTableViewCell.xib in Resources */,
				2C03A3E52652996E00A71F1D /* FavoriteMonsterCollectionsTableViewCell.xib in Resources */,
				2CC5FC6B2649A94500E4DE59 /* CategoryTableViewCell.xib in Resources */,
			);
			runOnlyForDeploymentPostprocessing = 0;
		};
/* End PBXResourcesBuildPhase section */

/* Begin PBXSourcesBuildPhase section */
		2CF96C9C26499A88005A7B9F /* Sources */ = {
			isa = PBXSourcesBuildPhase;
			buildActionMask = 2147483647;
			files = (
				2C75FA4E264C3DDD0074C779 /* AirMonster.swift in Sources */,
				2C75FA45264C3D860074C779 /* WaterMonster.swift in Sources */,
				2C03A3E42652996E00A71F1D /* FavoriteMonsterCollectionsTableViewCell.swift in Sources */,
				2C03A3D626528EB800A71F1D /* HeaderTableViewCell.swift in Sources */,
				2CF96CA826499A88005A7B9F /* DashboardTableViewController.swift in Sources */,
				2CF96CA426499A88005A7B9F /* AppDelegate.swift in Sources */,
				2C03A3DD2652957C00A71F1D /* FavoriteMonsterTableViewCell.swift in Sources */,
				2C75FA51264C3E050074C779 /* MetalMonster.swift in Sources */,
				2C75FA48264C3D8E0074C779 /* FireMonster.swift in Sources */,
				2C75FA41264C3D150074C779 /* Monster.swift in Sources */,
				2CF96CA626499A88005A7B9F /* SceneDelegate.swift in Sources */,
				2C75FA60264C437C0074C779 /* MonstersListTableViewCell.swift in Sources */,
				2C75FA30264B99C40074C779 /* CategoryCollectionViewCell.swift in Sources */,
				2C75FA4B264C3DD40074C779 /* GroundMonster.swift in Sources */,
				2C6A2E42264D658D00D4FAA6 /* DeleteButton.swift in Sources */,
				2CC5FC6A2649A94500E4DE59 /* CategoryTableViewCell.swift in Sources */,
				2C386BBF264E0C690082F4B7 /* Seeder.swift in Sources */,
				2C03A3EA26529E5700A71F1D /* ListOfMonstersTableViewController.swift in Sources */,
				2C75FA54264C3E120074C779 /* ShadowMonster.swift in Sources */,
				2C386BC5264E1C6C0082F4B7 /* MonsterDetailsTableViewController.swift in Sources */,
			);
			runOnlyForDeploymentPostprocessing = 0;
		};
/* End PBXSourcesBuildPhase section */

/* Begin PBXVariantGroup section */
		2CF96CA926499A88005A7B9F /* Main.storyboard */ = {
			isa = PBXVariantGroup;
			children = (
				2CF96CAA26499A88005A7B9F /* Base */,
			);
			name = Main.storyboard;
			sourceTree = "<group>";
		};
		2CF96CAE26499A88005A7B9F /* LaunchScreen.storyboard */ = {
			isa = PBXVariantGroup;
			children = (
				2CF96CAF26499A88005A7B9F /* Base */,
			);
			name = LaunchScreen.storyboard;
			sourceTree = "<group>";
		};
/* End PBXVariantGroup section */

/* Begin XCBuildConfiguration section */
		2CF96CB226499A88005A7B9F /* Debug */ = {
			isa = XCBuildConfiguration;
			buildSettings = {
				ALWAYS_SEARCH_USER_PATHS = NO;
				CLANG_ANALYZER_NONNULL = YES;
				CLANG_ANALYZER_NUMBER_OBJECT_CONVERSION = YES_AGGRESSIVE;
				CLANG_CXX_LANGUAGE_STANDARD = "gnu++14";
				CLANG_CXX_LIBRARY = "libc++";
				CLANG_ENABLE_MODULES = YES;
				CLANG_ENABLE_OBJC_ARC = YES;
				CLANG_ENABLE_OBJC_WEAK = YES;
				CLANG_WARN_BLOCK_CAPTURE_AUTORELEASING = YES;
				CLANG_WARN_BOOL_CONVERSION = YES;
				CLANG_WARN_COMMA = YES;
				CLANG_WARN_CONSTANT_CONVERSION = YES;
				CLANG_WARN_DEPRECATED_OBJC_IMPLEMENTATIONS = YES;
				CLANG_WARN_DIRECT_OBJC_ISA_USAGE = YES_ERROR;
				CLANG_WARN_DOCUMENTATION_COMMENTS = YES;
				CLANG_WARN_EMPTY_BODY = YES;
				CLANG_WARN_ENUM_CONVERSION = YES;
				CLANG_WARN_INFINITE_RECURSION = YES;
				CLANG_WARN_INT_CONVERSION = YES;
				CLANG_WARN_NON_LITERAL_NULL_CONVERSION = YES;
				CLANG_WARN_OBJC_IMPLICIT_RETAIN_SELF = YES;
				CLANG_WARN_OBJC_LITERAL_CONVERSION = YES;
				CLANG_WARN_OBJC_ROOT_CLASS = YES_ERROR;
				CLANG_WARN_QUOTED_INCLUDE_IN_FRAMEWORK_HEADER = YES;
				CLANG_WARN_RANGE_LOOP_ANALYSIS = YES;
				CLANG_WARN_STRICT_PROTOTYPES = YES;
				CLANG_WARN_SUSPICIOUS_MOVE = YES;
				CLANG_WARN_UNGUARDED_AVAILABILITY = YES_AGGRESSIVE;
				CLANG_WARN_UNREACHABLE_CODE = YES;
				CLANG_WARN__DUPLICATE_METHOD_MATCH = YES;
				COPY_PHASE_STRIP = NO;
				DEBUG_INFORMATION_FORMAT = dwarf;
				ENABLE_STRICT_OBJC_MSGSEND = YES;
				ENABLE_TESTABILITY = YES;
				GCC_C_LANGUAGE_STANDARD = gnu11;
				GCC_DYNAMIC_NO_PIC = NO;
				GCC_NO_COMMON_BLOCKS = YES;
				GCC_OPTIMIZATION_LEVEL = 0;
				GCC_PREPROCESSOR_DEFINITIONS = (
					"DEBUG=1",
					"$(inherited)",
				);
				GCC_WARN_64_TO_32_BIT_CONVERSION = YES;
				GCC_WARN_ABOUT_RETURN_TYPE = YES_ERROR;
				GCC_WARN_UNDECLARED_SELECTOR = YES;
				GCC_WARN_UNINITIALIZED_AUTOS = YES_AGGRESSIVE;
				GCC_WARN_UNUSED_FUNCTION = YES;
				GCC_WARN_UNUSED_VARIABLE = YES;
				IPHONEOS_DEPLOYMENT_TARGET = 14.4;
				MTL_ENABLE_DEBUG_INFO = INCLUDE_SOURCE;
				MTL_FAST_MATH = YES;
				ONLY_ACTIVE_ARCH = YES;
				SDKROOT = iphoneos;
				SWIFT_ACTIVE_COMPILATION_CONDITIONS = DEBUG;
				SWIFT_OPTIMIZATION_LEVEL = "-Onone";
			};
			name = Debug;
		};
		2CF96CB326499A88005A7B9F /* Release */ = {
			isa = XCBuildConfiguration;
			buildSettings = {
				ALWAYS_SEARCH_USER_PATHS = NO;
				CLANG_ANALYZER_NONNULL = YES;
				CLANG_ANALYZER_NUMBER_OBJECT_CONVERSION = YES_AGGRESSIVE;
				CLANG_CXX_LANGUAGE_STANDARD = "gnu++14";
				CLANG_CXX_LIBRARY = "libc++";
				CLANG_ENABLE_MODULES = YES;
				CLANG_ENABLE_OBJC_ARC = YES;
				CLANG_ENABLE_OBJC_WEAK = YES;
				CLANG_WARN_BLOCK_CAPTURE_AUTORELEASING = YES;
				CLANG_WARN_BOOL_CONVERSION = YES;
				CLANG_WARN_COMMA = YES;
				CLANG_WARN_CONSTANT_CONVERSION = YES;
				CLANG_WARN_DEPRECATED_OBJC_IMPLEMENTATIONS = YES;
				CLANG_WARN_DIRECT_OBJC_ISA_USAGE = YES_ERROR;
				CLANG_WARN_DOCUMENTATION_COMMENTS = YES;
				CLANG_WARN_EMPTY_BODY = YES;
				CLANG_WARN_ENUM_CONVERSION = YES;
				CLANG_WARN_INFINITE_RECURSION = YES;
				CLANG_WARN_INT_CONVERSION = YES;
				CLANG_WARN_NON_LITERAL_NULL_CONVERSION = YES;
				CLANG_WARN_OBJC_IMPLICIT_RETAIN_SELF = YES;
				CLANG_WARN_OBJC_LITERAL_CONVERSION = YES;
				CLANG_WARN_OBJC_ROOT_CLASS = YES_ERROR;
				CLANG_WARN_QUOTED_INCLUDE_IN_FRAMEWORK_HEADER = YES;
				CLANG_WARN_RANGE_LOOP_ANALYSIS = YES;
				CLANG_WARN_STRICT_PROTOTYPES = YES;
				CLANG_WARN_SUSPICIOUS_MOVE = YES;
				CLANG_WARN_UNGUARDED_AVAILABILITY = YES_AGGRESSIVE;
				CLANG_WARN_UNREACHABLE_CODE = YES;
				CLANG_WARN__DUPLICATE_METHOD_MATCH = YES;
				COPY_PHASE_STRIP = NO;
				DEBUG_INFORMATION_FORMAT = "dwarf-with-dsym";
				ENABLE_NS_ASSERTIONS = NO;
				ENABLE_STRICT_OBJC_MSGSEND = YES;
				GCC_C_LANGUAGE_STANDARD = gnu11;
				GCC_NO_COMMON_BLOCKS = YES;
				GCC_WARN_64_TO_32_BIT_CONVERSION = YES;
				GCC_WARN_ABOUT_RETURN_TYPE = YES_ERROR;
				GCC_WARN_UNDECLARED_SELECTOR = YES;
				GCC_WARN_UNINITIALIZED_AUTOS = YES_AGGRESSIVE;
				GCC_WARN_UNUSED_FUNCTION = YES;
				GCC_WARN_UNUSED_VARIABLE = YES;
				IPHONEOS_DEPLOYMENT_TARGET = 14.4;
				MTL_ENABLE_DEBUG_INFO = NO;
				MTL_FAST_MATH = YES;
				SDKROOT = iphoneos;
				SWIFT_COMPILATION_MODE = wholemodule;
				SWIFT_OPTIMIZATION_LEVEL = "-O";
				VALIDATE_PRODUCT = YES;
			};
			name = Release;
		};
		2CF96CB526499A88005A7B9F /* Debug */ = {
			isa = XCBuildConfiguration;
			buildSettings = {
				ASSETCATALOG_COMPILER_APPICON_NAME = AppIcon;
				ASSETCATALOG_COMPILER_GLOBAL_ACCENT_COLOR_NAME = AccentColor;
				CODE_SIGN_STYLE = Automatic;
				DEVELOPMENT_TEAM = 665XP63X44;
				INFOPLIST_FILE = MonsterBook/Info.plist;
				LD_RUNPATH_SEARCH_PATHS = (
					"$(inherited)",
					"@executable_path/Frameworks",
				);
				PRODUCT_BUNDLE_IDENTIFIER = "Allicia-Viona.MonsterBook";
				PRODUCT_NAME = "$(TARGET_NAME)";
				SWIFT_VERSION = 5.0;
				TARGETED_DEVICE_FAMILY = "1,2";
			};
			name = Debug;
		};
		2CF96CB626499A88005A7B9F /* Release */ = {
			isa = XCBuildConfiguration;
			buildSettings = {
				ASSETCATALOG_COMPILER_APPICON_NAME = AppIcon;
				ASSETCATALOG_COMPILER_GLOBAL_ACCENT_COLOR_NAME = AccentColor;
				CODE_SIGN_STYLE = Automatic;
				DEVELOPMENT_TEAM = 665XP63X44;
				INFOPLIST_FILE = MonsterBook/Info.plist;
				LD_RUNPATH_SEARCH_PATHS = (
					"$(inherited)",
					"@executable_path/Frameworks",
				);
				PRODUCT_BUNDLE_IDENTIFIER = "Allicia-Viona.MonsterBook";
				PRODUCT_NAME = "$(TARGET_NAME)";
				SWIFT_VERSION = 5.0;
				TARGETED_DEVICE_FAMILY = "1,2";
			};
			name = Release;
		};
/* End XCBuildConfiguration section */

/* Begin XCConfigurationList section */
		2CF96C9B26499A88005A7B9F /* Build configuration list for PBXProject "MonsterBook" */ = {
			isa = XCConfigurationList;
			buildConfigurations = (
				2CF96CB226499A88005A7B9F /* Debug */,
				2CF96CB326499A88005A7B9F /* Release */,
			);
			defaultConfigurationIsVisible = 0;
			defaultConfigurationName = Release;
		};
		2CF96CB426499A88005A7B9F /* Build configuration list for PBXNativeTarget "MonsterBook" */ = {
			isa = XCConfigurationList;
			buildConfigurations = (
				2CF96CB526499A88005A7B9F /* Debug */,
				2CF96CB626499A88005A7B9F /* Release */,
			);
			defaultConfigurationIsVisible = 0;
			defaultConfigurationName = Release;
		};
/* End XCConfigurationList section */
	};
	rootObject = 2CF96C9826499A88005A7B9F /* Project object */;
}
